
Microsoft Visual Studio Solution File, Format Version 12.00
# Visual Studio Version 17
VisualStudioVersion = 17.14.36408.4
MinimumVisualStudioVersion = 10.0.40219.1
Project("{FAE04EC0-301F-11D3-BF4B-00C04F79EFBC}") = "Jahez_Task", "Jahez_Task\Jahez_Task.csproj", "{432B1A3C-C5A4-4FDA-8716-CD3F5FA4F327}"
EndProject
Project("{FAE04EC0-301F-11D3-BF4B-00C04F79EFBC}") = "BookLendingTest", "BookLendingTest\BookLendingTest.csproj", "{CC85D20C-93E7-4C86-9AB8-7679B79F5B89}"
EndProject
Global
	GlobalSection(SolutionConfigurationPlatforms) = preSolution
		Debug|Any CPU = Debug|Any CPU
		Release|Any CPU = Release|Any CPU
	EndGlobalSection
	GlobalSection(ProjectConfigurationPlatforms) = postSolution
		{432B1A3C-C5A4-4FDA-8716-CD3F5FA4F327}.Debug|Any CPU.ActiveCfg = Debug|Any CPU
		{432B1A3C-C5A4-4FDA-8716-CD3F5FA4F327}.Debug|Any CPU.Build.0 = Debug|Any CPU
		{432B1A3C-C5A4-4FDA-8716-CD3F5FA4F327}.Release|Any CPU.ActiveCfg = Release|Any CPU
		{432B1A3C-C5A4-4FDA-8716-CD3F5FA4F327}.Release|Any CPU.Build.0 = Release|Any CPU
		{CC85D20C-93E7-4C86-9AB8-7679B79F5B89}.Debug|Any CPU.ActiveCfg = Debug|Any CPU
		{CC85D20C-93E7-4C86-9AB8-7679B79F5B89}.Debug|Any CPU.Build.0 = Debug|Any CPU
		{CC85D20C-93E7-4C86-9AB8-7679B79F5B89}.Release|Any CPU.ActiveCfg = Release|Any CPU
		{CC85D20C-93E7-4C86-9AB8-7679B79F5B89}.Release|Any CPU.Build.0 = Release|Any CPU
	EndGlobalSection
	GlobalSection(SolutionProperties) = preSolution
		HideSolutionNode = FALSE
	EndGlobalSection
	GlobalSection(ExtensibilityGlobals) = postSolution
		SolutionGuid = {CFF45976-883B-443E-A533-639890567E5B}
	EndGlobalSection
EndGlobal
